Microsoft Visual Studio Solution File, Format Version 12.00
# Visual Studio 14
Project("{8BC9CEB8-8B4A-11D0-8D11-00A0C91BC942}") = "ALL_BUILD", "ALL_BUILD.vcxproj", "{97FB0028-07CF-3D08-B4B0-1F15C01D1A52}"
	ProjectSection(ProjectDependencies) = postProject
		{1592F2CB-5FEF-38DF-BBA5-7DB4CE6F0965} = {1592F2CB-5FEF-38DF-BBA5-7DB4CE6F0965}
		{677DADFA-E1BB-3F09-8910-A9486A72D43E} = {677DADFA-E1BB-3F09-8910-A9486A72D43E}
	EndProjectSection
EndProject
Project("{8BC9CEB8-8B4A-11D0-8D11-00A0C91BC942}") = "ZERO_CHECK", "ZERO_CHECK.vcxproj", "{1592F2CB-5FEF-38DF-BBA5-7DB4CE6F0965}"
	ProjectSection(ProjectDependencies) = postProject
	EndProjectSection
EndProject
Project("{8BC9CEB8-8B4A-11D0-8D11-00A0C91BC942}") = "hello", "hello.vcxproj", "{677DADFA-E1BB-3F09-8910-A9486A72D43E}"
	ProjectSection(ProjectDependencies) = postProject
		{1592F2CB-5FEF-38DF-BBA5-7DB4CE6F0965} = {1592F2CB-5FEF-38DF-BBA5-7DB4CE6F0965}
	EndProjectSection
EndProject
Global
	GlobalSection(SolutionConfigurationPlatforms) = preSolution
		Debug|x64 = Debug|x64
		Release|x64 = Release|x64
		MinSizeRel|x64 = MinSizeRel|x64
		RelWithDebInfo|x64 = RelWithDebInfo|x64
	EndGlobalSection
	GlobalSection(ProjectConfigurationPlatforms) = postSolution
		{97FB0028-07CF-3D08-B4B0-1F15C01D1A52}.Debug|x64.ActiveCfg = Debug|x64
		{97FB0028-07CF-3D08-B4B0-1F15C01D1A52}.Release|x64.ActiveCfg = Release|x64
		{97FB0028-07CF-3D08-B4B0-1F15C01D1A52}.MinSizeRel|x64.ActiveCfg = MinSizeRel|x64
		{97FB0028-07CF-3D08-B4B0-1F15C01D1A52}.RelWithDebInfo|x64.ActiveCfg = RelWithDebInfo|x64
		{1592F2CB-5FEF-38DF-BBA5-7DB4CE6F0965}.Debug|x64.ActiveCfg = Debug|x64
		{1592F2CB-5FEF-38DF-BBA5-7DB4CE6F0965}.Debug|x64.Build.0 = Debug|x64
		{1592F2CB-5FEF-38DF-BBA5-7DB4CE6F0965}.Release|x64.ActiveCfg = Release|x64
		{1592F2CB-5FEF-38DF-BBA5-7DB4CE6F0965}.Release|x64.Build.0 = Release|x64
		{1592F2CB-5FEF-38DF-BBA5-7DB4CE6F0965}.MinSizeRel|x64.ActiveCfg = MinSizeRel|x64
		{1592F2CB-5FEF-38DF-BBA5-7DB4CE6F0965}.MinSizeRel|x64.Build.0 = MinSizeRel|x64
		{1592F2CB-5FEF-38DF-BBA5-7DB4CE6F0965}.RelWithDebInfo|x64.ActiveCfg = RelWithDebInfo|x64
		{1592F2CB-5FEF-38DF-BBA5-7DB4CE6F0965}.RelWithDebInfo|x64.Build.0 = RelWithDebInfo|x64
		{677DADFA-E1BB-3F09-8910-A9486A72D43E}.Debug|x64.ActiveCfg = Debug|x64
		{677DADFA-E1BB-3F09-8910-A9486A72D43E}.Debug|x64.Build.0 = Debug|x64
		{677DADFA-E1BB-3F09-8910-A9486A72D43E}.Release|x64.ActiveCfg = Release|x64
		{677DADFA-E1BB-3F09-8910-A9486A72D43E}.Release|x64.Build.0 = Release|x64
		{677DADFA-E1BB-3F09-8910-A9486A72D43E}.MinSizeRel|x64.ActiveCfg = MinSizeRel|x64
		{677DADFA-E1BB-3F09-8910-A9486A72D43E}.MinSizeRel|x64.Build.0 = MinSizeRel|x64
		{677DADFA-E1BB-3F09-8910-A9486A72D43E}.RelWithDebInfo|x64.ActiveCfg = RelWithDebInfo|x64
		{677DADFA-E1BB-3F09-8910-A9486A72D43E}.RelWithDebInfo|x64.Build.0 = RelWithDebInfo|x64
	EndGlobalSection
	GlobalSection(ExtensibilityGlobals) = postSolution
		SolutionGuid = {B5ED272B-587B-3C86-9181-2B3B7F8D38B3}
	EndGlobalSection
	GlobalSection(ExtensibilityAddIns) = postSolution
	EndGlobalSection
EndGlobal
